// !$*UTF8*$!
{
	archiveVersion = 1;
	classes = {
	};
	objectVersion = 56;
	objects = {

/* Begin PBXBuildFile section */
		24FD31D62A97F7B50074D8D8 /* ShazamingView.swift in Sources */ = {isa = PBXBuildFile; fileRef = 24FD31D52A97F7B50074D8D8 /* ShazamingView.swift */; };
		24FD31D82A97F7C30074D8D8 /* SongView.swift in Sources */ = {isa = PBXBuildFile; fileRef = 24FD31D72A97F7C30074D8D8 /* SongView.swift */; };
		746E08A62926D5F300B9A076 /* SpotifyController.swift in Sources */ = {isa = PBXBuildFile; fileRef = 746E08A52926D5F300B9A076 /* SpotifyController.swift */; };
		74B07B422931B23E0014ABE9 /* PlaylistItemView.swift in Sources */ = {isa = PBXBuildFile; fileRef = 74B07B412931B23E0014ABE9 /* PlaylistItemView.swift */; };
		74B555B3291DB89E001F76F8 /* ShazamyApp.swift in Sources */ = {isa = PBXBuildFile; fileRef = 74B555B2291DB89E001F76F8 /* ShazamyApp.swift */; };
		74B555B5291DB89E001F76F8 /* ContentView.swift in Sources */ = {isa = PBXBuildFile; fileRef = 74B555B4291DB89E001F76F8 /* ContentView.swift */; };
		74B555B7291DB89F001F76F8 /* Assets.xcassets in Resources */ = {isa = PBXBuildFile; fileRef = 74B555B6291DB89F001F76F8 /* Assets.xcassets */; };
		74B555BA291DB89F001F76F8 /* Preview Assets.xcassets in Resources */ = {isa = PBXBuildFile; fileRef = 74B555B9291DB89F001F76F8 /* Preview Assets.xcassets */; };
		74B555C2291DB8B1001F76F8 /* ShazamViewModel.swift in Sources */ = {isa = PBXBuildFile; fileRef = 74B555C1291DB8B1001F76F8 /* ShazamViewModel.swift */; };
		74B555C5291DB8D7001F76F8 /* HomeView.swift in Sources */ = {isa = PBXBuildFile; fileRef = 74B555C4291DB8D7001F76F8 /* HomeView.swift */; };
		74F77DE629311BA100E1CD41 /* ShazamMedia.swift in Sources */ = {isa = PBXBuildFile; fileRef = 74F77DE529311BA100E1CD41 /* ShazamMedia.swift */; };
		74F77DE82931347C00E1CD41 /* PlaylistView.swift in Sources */ = {isa = PBXBuildFile; fileRef = 74F77DE72931347C00E1CD41 /* PlaylistView.swift */; };
		74F77DEA293134CA00E1CD41 /* SongSearchViewModel.swift in Sources */ = {isa = PBXBuildFile; fileRef = 74F77DE9293134CA00E1CD41 /* SongSearchViewModel.swift */; };
		74F77DEC293134F800E1CD41 /* PlaylistViewModel.swift in Sources */ = {isa = PBXBuildFile; fileRef = 74F77DEB293134F800E1CD41 /* PlaylistViewModel.swift */; };
		74F77DEE2931351900E1CD41 /* AccessToken.swift in Sources */ = {isa = PBXBuildFile; fileRef = 74F77DED2931351900E1CD41 /* AccessToken.swift */; };
		74F77DF02931355800E1CD41 /* SongSearchModel.swift in Sources */ = {isa = PBXBuildFile; fileRef = 74F77DEF2931355800E1CD41 /* SongSearchModel.swift */; };
		74F77DF22931356D00E1CD41 /* SongRecommendations.swift in Sources */ = {isa = PBXBuildFile; fileRef = 74F77DF12931356D00E1CD41 /* SongRecommendations.swift */; };
		74F77DF42931358900E1CD41 /* ArtistAlbums.swift in Sources */ = {isa = PBXBuildFile; fileRef = 74F77DF32931358900E1CD41 /* ArtistAlbums.swift */; };
		74F77DF7293135DB00E1CD41 /* DataProvider.swift in Sources */ = {isa = PBXBuildFile; fileRef = 74F77DF6293135DB00E1CD41 /* DataProvider.swift */; };
		74F77DF9293135EF00E1CD41 /* APIManager.swift in Sources */ = {isa = PBXBuildFile; fileRef = 74F77DF8293135EF00E1CD41 /* APIManager.swift */; };
		74F77DFB2931360200E1CD41 /* AuthManager.swift in Sources */ = {isa = PBXBuildFile; fileRef = 74F77DFA2931360200E1CD41 /* AuthManager.swift */; };
		74F77DFD2931361F00E1CD41 /* HTTPMethods.swift in Sources */ = {isa = PBXBuildFile; fileRef = 74F77DFC2931361F00E1CD41 /* HTTPMethods.swift */; };
		74F77DFF2931452B00E1CD41 /* ShazamViewModelTwo.swift in Sources */ = {isa = PBXBuildFile; fileRef = 74F77DFE2931452B00E1CD41 /* ShazamViewModelTwo.swift */; };
/* End PBXBuildFile section */

/* Begin PBXFileReference section */
		24FD31D52A97F7B50074D8D8 /* ShazamingView.swift */ = {isa = PBXFileReference; lastKnownFileType = sourcecode.swift; path = ShazamingView.swift; sourceTree = "<group>"; };
		24FD31D72A97F7C30074D8D8 /* SongView.swift */ = {isa = PBXFileReference; lastKnownFileType = sourcecode.swift; path = SongView.swift; sourceTree = "<group>"; };
		746E089F2926D3BE00B9A076 /* Info.plist */ = {isa = PBXFileReference; lastKnownFileType = text.plist; path = Info.plist; sourceTree = "<group>"; };
		746E08A52926D5F300B9A076 /* SpotifyController.swift */ = {isa = PBXFileReference; lastKnownFileType = sourcecode.swift; path = SpotifyController.swift; sourceTree = "<group>"; };
		746E08AC292729D100B9A076 /* Shazamy.entitlements */ = {isa = PBXFileReference; lastKnownFileType = text.plist.entitlements; path = Shazamy.entitlements; sourceTree = "<group>"; };
		74B07B412931B23E0014ABE9 /* PlaylistItemView.swift */ = {isa = PBXFileReference; lastKnownFileType = sourcecode.swift; path = PlaylistItemView.swift; sourceTree = "<group>"; };
		74B555AF291DB89E001F76F8 /* Shazamy.app */ = {isa = PBXFileReference; explicitFileType = wrapper.application; includeInIndex = 0; path = Shazamy.app; sourceTree = BUILT_PRODUCTS_DIR; };
		74B555B2291DB89E001F76F8 /* ShazamyApp.swift */ = {isa = PBXFileReference; lastKnownFileType = sourcecode.swift; path = ShazamyApp.swift; sourceTree = "<group>"; };
		74B555B4291DB89E001F76F8 /* ContentView.swift */ = {isa = PBXFileReference; lastKnownFileType = sourcecode.swift; path = ContentView.swift; sourceTree = "<group>"; };
		74B555B6291DB89F001F76F8 /* Assets.xcassets */ = {isa = PBXFileReference; lastKnownFileType = folder.assetcatalog; path = Assets.xcassets; sourceTree = "<group>"; };
		74B555B9291DB89F001F76F8 /* Preview Assets.xcassets */ = {isa = PBXFileReference; lastKnownFileType = folder.assetcatalog; path = "Preview Assets.xcassets"; sourceTree = "<group>"; };
		74B555C1291DB8B1001F76F8 /* ShazamViewModel.swift */ = {isa = PBXFileReference; lastKnownFileType = sourcecode.swift; path = ShazamViewModel.swift; sourceTree = "<group>"; };
		74B555C4291DB8D7001F76F8 /* HomeView.swift */ = {isa = PBXFileReference; lastKnownFileType = sourcecode.swift; path = HomeView.swift; sourceTree = "<group>"; };
		74F77DE529311BA100E1CD41 /* ShazamMedia.swift */ = {isa = PBXFileReference; lastKnownFileType = sourcecode.swift; path = ShazamMedia.swift; sourceTree = "<group>"; };
		74F77DE72931347C00E1CD41 /* PlaylistView.swift */ = {isa = PBXFileReference; lastKnownFileType = sourcecode.swift; path = PlaylistView.swift; sourceTree = "<group>"; };
		74F77DE9293134CA00E1CD41 /* SongSearchViewModel.swift */ = {isa = PBXFileReference; lastKnownFileType = sourcecode.swift; path = SongSearchViewModel.swift; sourceTree = "<group>"; };
		74F77DEB293134F800E1CD41 /* PlaylistViewModel.swift */ = {isa = PBXFileReference; lastKnownFileType = sourcecode.swift; path = PlaylistViewModel.swift; sourceTree = "<group>"; };
		74F77DED2931351900E1CD41 /* AccessToken.swift */ = {isa = PBXFileReference; lastKnownFileType = sourcecode.swift; path = AccessToken.swift; sourceTree = "<group>"; };
		74F77DEF2931355800E1CD41 /* SongSearchModel.swift */ = {isa = PBXFileReference; lastKnownFileType = sourcecode.swift; path = SongSearchModel.swift; sourceTree = "<group>"; };
		74F77DF12931356D00E1CD41 /* SongRecommendations.swift */ = {isa = PBXFileReference; lastKnownFileType = sourcecode.swift; path = SongRecommendations.swift; sourceTree = "<group>"; };
		74F77DF32931358900E1CD41 /* ArtistAlbums.swift */ = {isa = PBXFileReference; lastKnownFileType = sourcecode.swift; path = ArtistAlbums.swift; sourceTree = "<group>"; };
		74F77DF6293135DB00E1CD41 /* DataProvider.swift */ = {isa = PBXFileReference; lastKnownFileType = sourcecode.swift; path = DataProvider.swift; sourceTree = "<group>"; };
		74F77DF8293135EF00E1CD41 /* APIManager.swift */ = {isa = PBXFileReference; lastKnownFileType = sourcecode.swift; path = APIManager.swift; sourceTree = "<group>"; };
		74F77DFA2931360200E1CD41 /* AuthManager.swift */ = {isa = PBXFileReference; lastKnownFileType = sourcecode.swift; path = AuthManager.swift; sourceTree = "<group>"; };
		74F77DFC2931361F00E1CD41 /* HTTPMethods.swift */ = {isa = PBXFileReference; lastKnownFileType = sourcecode.swift; path = HTTPMethods.swift; sourceTree = "<group>"; };
		74F77DFE2931452B00E1CD41 /* ShazamViewModelTwo.swift */ = {isa = PBXFileReference; lastKnownFileType = sourcecode.swift; path = ShazamViewModelTwo.swift; sourceTree = "<group>"; };
/* End PBXFileReference section */

/* Begin PBXFrameworksBuildPhase section */
		74B555AC291DB89E001F76F8 /* Frameworks */ = {
			isa = PBXFrameworksBuildPhase;
			buildActionMask = 2147483647;
			files = (
			);
			runOnlyForDeploymentPostprocessing = 0;
		};
/* End PBXFrameworksBuildPhase section */

/* Begin PBXGroup section */
		746E08A22926D4F000B9A076 /* Frameworks */ = {
			isa = PBXGroup;
			children = (
			);
			name = Frameworks;
			sourceTree = "<group>";
		};
		74B555A6291DB89E001F76F8 = {
			isa = PBXGroup;
			children = (
				74B555B1291DB89E001F76F8 /* Shazamy */,
				74B555B0291DB89E001F76F8 /* Products */,
				746E08A22926D4F000B9A076 /* Frameworks */,
			);
			sourceTree = "<group>";
		};
		74B555B0291DB89E001F76F8 /* Products */ = {
			isa = PBXGroup;
			children = (
				74B555AF291DB89E001F76F8 /* Shazamy.app */,
			);
			name = Products;
			sourceTree = "<group>";
		};
		74B555B1291DB89E001F76F8 /* Shazamy */ = {
			isa = PBXGroup;
			children = (
				746E08AC292729D100B9A076 /* Shazamy.entitlements */,
				74B555B2291DB89E001F76F8 /* ShazamyApp.swift */,
				74B555B6291DB89F001F76F8 /* Assets.xcassets */,
				746E089F2926D3BE00B9A076 /* Info.plist */,
				74F77DF5293135CB00E1CD41 /* Helpers */,
				74B555C6291DB9E2001F76F8 /* Models  */,
				74B555C3291DB8CC001F76F8 /* Views */,
				74B555C0291DB8A3001F76F8 /* ViewModels */,
				74B555B8291DB89F001F76F8 /* Preview Content */,
			);
			path = Shazamy;
			sourceTree = "<group>";
		};
		74B555B8291DB89F001F76F8 /* Preview Content */ = {
			isa = PBXGroup;
			children = (
				74B555B9291DB89F001F76F8 /* Preview Assets.xcassets */,
			);
			path = "Preview Content";
			sourceTree = "<group>";
		};
		74B555C0291DB8A3001F76F8 /* ViewModels */ = {
			isa = PBXGroup;
			children = (
				74B555C1291DB8B1001F76F8 /* ShazamViewModel.swift */,
				746E08A52926D5F300B9A076 /* SpotifyController.swift */,
				74F77DE9293134CA00E1CD41 /* SongSearchViewModel.swift */,
				74F77DEB293134F800E1CD41 /* PlaylistViewModel.swift */,
				74F77DFE2931452B00E1CD41 /* ShazamViewModelTwo.swift */,
			);
			path = ViewModels;
			sourceTree = "<group>";
		};
		74B555C3291DB8CC001F76F8 /* Views */ = {
			isa = PBXGroup;
			children = (
				74B555C4291DB8D7001F76F8 /* HomeView.swift */,
				24FD31D52A97F7B50074D8D8 /* ShazamingView.swift */,
				24FD31D72A97F7C30074D8D8 /* SongView.swift */,
				74B555B4291DB89E001F76F8 /* ContentView.swift */,
				74F77DE72931347C00E1CD41 /* PlaylistView.swift */,
				74B07B412931B23E0014ABE9 /* PlaylistItemView.swift */,
			);
			path = Views;
			sourceTree = "<group>";
		};
		74B555C6291DB9E2001F76F8 /* Models  */ = {
			isa = PBXGroup;
			children = (
				74F77DE529311BA100E1CD41 /* ShazamMedia.swift */,
				74F77DED2931351900E1CD41 /* AccessToken.swift */,
				74F77DEF2931355800E1CD41 /* SongSearchModel.swift */,
				74F77DF12931356D00E1CD41 /* SongRecommendations.swift */,
				74F77DF32931358900E1CD41 /* ArtistAlbums.swift */,
			);
			name = "Models ";
			sourceTree = "<group>";
		};
		74F77DF5293135CB00E1CD41 /* Helpers */ = {
			isa = PBXGroup;
			children = (
				74F77DF6293135DB00E1CD41 /* DataProvider.swift */,
				74F77DF8293135EF00E1CD41 /* APIManager.swift */,
				74F77DFA2931360200E1CD41 /* AuthManager.swift */,
				74F77DFC2931361F00E1CD41 /* HTTPMethods.swift */,
			);
			path = Helpers;
			sourceTree = "<group>";
		};
/* End PBXGroup section */

/* Begin PBXNativeTarget section */
		74B555AE291DB89E001F76F8 /* Shazamy */ = {
			isa = PBXNativeTarget;
			buildConfigurationList = 74B555BD291DB89F001F76F8 /* Build configuration list for PBXNativeTarget "Shazamy" */;
			buildPhases = (
				74B555AB291DB89E001F76F8 /* Sources */,
				74B555AC291DB89E001F76F8 /* Frameworks */,
				74B555AD291DB89E001F76F8 /* Resources */,
			);
			buildRules = (
			);
			dependencies = (
			);
			name = Shazamy;
			packageProductDependencies = (
			);
			productName = Shazamy;
			productReference = 74B555AF291DB89E001F76F8 /* Shazamy.app */;
			productType = "com.apple.product-type.application";
		};
/* End PBXNativeTarget section */

/* Begin PBXProject section */
		74B555A7291DB89E001F76F8 /* Project object */ = {
			isa = PBXProject;
			attributes = {
				BuildIndependentTargetsInParallel = 1;
				LastSwiftUpdateCheck = 1400;
				LastUpgradeCheck = 1400;
				TargetAttributes = {
					74B555AE291DB89E001F76F8 = {
						CreatedOnToolsVersion = 14.0;
					};
				};
			};
			buildConfigurationList = 74B555AA291DB89E001F76F8 /* Build configuration list for PBXProject "Shazamy" */;
			compatibilityVersion = "Xcode 14.0";
			developmentRegion = en;
			hasScannedForEncodings = 0;
			knownRegions = (
				en,
				Base,
			);
			mainGroup = 74B555A6291DB89E001F76F8;
			packageReferences = (
			);
			productRefGroup = 74B555B0291DB89E001F76F8 /* Products */;
			projectDirPath = "";
			projectRoot = "";
			targets = (
				74B555AE291DB89E001F76F8 /* Shazamy */,
			);
		};
/* End PBXProject section */

/* Begin PBXResourcesBuildPhase section */
		74B555AD291DB89E001F76F8 /* Resources */ = {
			isa = PBXResourcesBuildPhase;
			buildActionMask = 2147483647;
			files = (
				74B555BA291DB89F001F76F8 /* Preview Assets.xcassets in Resources */,
				74B555B7291DB89F001F76F8 /* Assets.xcassets in Resources */,
			);
			runOnlyForDeploymentPostprocessing = 0;
		};
/* End PBXResourcesBuildPhase section */

/* Begin PBXSourcesBuildPhase section */
		74B555AB291DB89E001F76F8 /* Sources */ = {
			isa = PBXSourcesBuildPhase;
			buildActionMask = 2147483647;
			files = (
				74F77DEC293134F800E1CD41 /* PlaylistViewModel.swift in Sources */,
				74F77DFF2931452B00E1CD41 /* ShazamViewModelTwo.swift in Sources */,
				74B555B5291DB89E001F76F8 /* ContentView.swift in Sources */,
				24FD31D82A97F7C30074D8D8 /* SongView.swift in Sources */,
				74F77DF02931355800E1CD41 /* SongSearchModel.swift in Sources */,
				74F77DE82931347C00E1CD41 /* PlaylistView.swift in Sources */,
				74B555C2291DB8B1001F76F8 /* ShazamViewModel.swift in Sources */,
				74B555C5291DB8D7001F76F8 /* HomeView.swift in Sources */,
				24FD31D62A97F7B50074D8D8 /* ShazamingView.swift in Sources */,
				74B555B3291DB89E001F76F8 /* ShazamyApp.swift in Sources */,
				74F77DF22931356D00E1CD41 /* SongRecommendations.swift in Sources */,
				74F77DEA293134CA00E1CD41 /* SongSearchViewModel.swift in Sources */,
				74F77DFB2931360200E1CD41 /* AuthManager.swift in Sources */,
				74F77DE629311BA100E1CD41 /* ShazamMedia.swift in Sources */,
				74B07B422931B23E0014ABE9 /* PlaylistItemView.swift in Sources */,
				74F77DF7293135DB00E1CD41 /* DataProvider.swift in Sources */,
				746E08A62926D5F300B9A076 /* SpotifyController.swift in Sources */,
				74F77DFD2931361F00E1CD41 /* HTTPMethods.swift in Sources */,
				74F77DF9293135EF00E1CD41 /* APIManager.swift in Sources */,
				74F77DF42931358900E1CD41 /* ArtistAlbums.swift in Sources */,
				74F77DEE2931351900E1CD41 /* AccessToken.swift in Sources */,
			);
			runOnlyForDeploymentPostprocessing = 0;
		};
/* End PBXSourcesBuildPhase section */

/* Begin XCBuildConfiguration section */
		74B555BB291DB89F001F76F8 /* Debug */ = {
			isa = XCBuildConfiguration;
			buildSettings = {
				ALWAYS_SEARCH_USER_PATHS = NO;
				CLANG_ANALYZER_NONNULL = YES;
				CLANG_ANALYZER_NUMBER_OBJECT_CONVERSION = YES_AGGRESSIVE;
				CLANG_CXX_LANGUAGE_STANDARD = "gnu++20";
				CLANG_ENABLE_MODULES = YES;
				CLANG_ENABLE_OBJC_ARC = YES;
				CLANG_ENABLE_OBJC_WEAK = YES;
				CLANG_WARN_BLOCK_CAPTURE_AUTORELEASING = YES;
				CLANG_WARN_BOOL_CONVERSION = YES;
				CLANG_WARN_COMMA = YES;
				CLANG_WARN_CONSTANT_CONVERSION = YES;
				CLANG_WARN_DEPRECATED_OBJC_IMPLEMENTATIONS = YES;
				CLANG_WARN_DIRECT_OBJC_ISA_USAGE = YES_ERROR;
				CLANG_WARN_DOCUMENTATION_COMMENTS = YES;
				CLANG_WARN_EMPTY_BODY = YES;
				CLANG_WARN_ENUM_CONVERSION = YES;
				CLANG_WARN_INFINITE_RECURSION = YES;
				CLANG_WARN_INT_CONVERSION = YES;
				CLANG_WARN_NON_LITERAL_NULL_CONVERSION = YES;
				CLANG_WARN_OBJC_IMPLICIT_RETAIN_SELF = YES;
				CLANG_WARN_OBJC_LITERAL_CONVERSION = YES;
				CLANG_WARN_OBJC_ROOT_CLASS = YES_ERROR;
				CLANG_WARN_QUOTED_INCLUDE_IN_FRAMEWORK_HEADER = YES;
				CLANG_WARN_RANGE_LOOP_ANALYSIS = YES;
				CLANG_WARN_STRICT_PROTOTYPES = YES;
				CLANG_WARN_SUSPICIOUS_MOVE = YES;
				CLANG_WARN_UNGUARDED_AVAILABILITY = YES_AGGRESSIVE;
				CLANG_WARN_UNREACHABLE_CODE = YES;
				CLANG_WARN__DUPLICATE_METHOD_MATCH = YES;
				COPY_PHASE_STRIP = NO;
				DEBUG_INFORMATION_FORMAT = dwarf;
				ENABLE_STRICT_OBJC_MSGSEND = YES;
				ENABLE_TESTABILITY = YES;
				GCC_C_LANGUAGE_STANDARD = gnu11;
				GCC_DYNAMIC_NO_PIC = NO;
				GCC_NO_COMMON_BLOCKS = YES;
				GCC_OPTIMIZATION_LEVEL = 0;
				GCC_PREPROCESSOR_DEFINITIONS = (
					"DEBUG=1",
					"$(inherited)",
				);
				GCC_WARN_64_TO_32_BIT_CONVERSION = YES;
				GCC_WARN_ABOUT_RETURN_TYPE = YES_ERROR;
				GCC_WARN_UNDECLARED_SELECTOR = YES;
				GCC_WARN_UNINITIALIZED_AUTOS = YES_AGGRESSIVE;
				GCC_WARN_UNUSED_FUNCTION = YES;
				GCC_WARN_UNUSED_VARIABLE = YES;
				INFOPLIST_KEY_WKRunsIndependentlyOfCompanionApp = NO;
				IPHONEOS_DEPLOYMENT_TARGET = 16.0;
				MTL_ENABLE_DEBUG_INFO = INCLUDE_SOURCE;
				MTL_FAST_MATH = YES;
				ONLY_ACTIVE_ARCH = YES;
				SDKROOT = iphoneos;
				SWIFT_ACTIVE_COMPILATION_CONDITIONS = DEBUG;
				SWIFT_OPTIMIZATION_LEVEL = "-Onone";
			};
			name = Debug;
		};
		74B555BC291DB89F001F76F8 /* Release */ = {
			isa = XCBuildConfiguration;
			buildSettings = {
				ALWAYS_SEARCH_USER_PATHS = NO;
				CLANG_ANALYZER_NONNULL = YES;
				CLANG_ANALYZER_NUMBER_OBJECT_CONVERSION = YES_AGGRESSIVE;
				CLANG_CXX_LANGUAGE_STANDARD = "gnu++20";
				CLANG_ENABLE_MODULES = YES;
				CLANG_ENABLE_OBJC_ARC = YES;
				CLANG_ENABLE_OBJC_WEAK = YES;
				CLANG_WARN_BLOCK_CAPTURE_AUTORELEASING = YES;
				CLANG_WARN_BOOL_CONVERSION = YES;
				CLANG_WARN_COMMA = YES;
				CLANG_WARN_CONSTANT_CONVERSION = YES;
				CLANG_WARN_DEPRECATED_OBJC_IMPLEMENTATIONS = YES;
				CLANG_WARN_DIRECT_OBJC_ISA_USAGE = YES_ERROR;
				CLANG_WARN_DOCUMENTATION_COMMENTS = YES;
				CLANG_WARN_EMPTY_BODY = YES;
				CLANG_WARN_ENUM_CONVERSION = YES;
				CLANG_WARN_INFINITE_RECURSION = YES;
				CLANG_WARN_INT_CONVERSION = YES;
				CLANG_WARN_NON_LITERAL_NULL_CONVERSION = YES;
				CLANG_WARN_OBJC_IMPLICIT_RETAIN_SELF = YES;
				CLANG_WARN_OBJC_LITERAL_CONVERSION = YES;
				CLANG_WARN_OBJC_ROOT_CLASS = YES_ERROR;
				CLANG_WARN_QUOTED_INCLUDE_IN_FRAMEWORK_HEADER = YES;
				CLANG_WARN_RANGE_LOOP_ANALYSIS = YES;
				CLANG_WARN_STRICT_PROTOTYPES = YES;
				CLANG_WARN_SUSPICIOUS_MOVE = YES;
				CLANG_WARN_UNGUARDED_AVAILABILITY = YES_AGGRESSIVE;
				CLANG_WARN_UNREACHABLE_CODE = YES;
				CLANG_WARN__DUPLICATE_METHOD_MATCH = YES;
				COPY_PHASE_STRIP = NO;
				DEBUG_INFORMATION_FORMAT = "dwarf-with-dsym";
				ENABLE_NS_ASSERTIONS = NO;
				ENABLE_STRICT_OBJC_MSGSEND = YES;
				GCC_C_LANGUAGE_STANDARD = gnu11;
				GCC_NO_COMMON_BLOCKS = YES;
				GCC_WARN_64_TO_32_BIT_CONVERSION = YES;
				GCC_WARN_ABOUT_RETURN_TYPE = YES_ERROR;
				GCC_WARN_UNDECLARED_SELECTOR = YES;
				GCC_WARN_UNINITIALIZED_AUTOS = YES_AGGRESSIVE;
				GCC_WARN_UNUSED_FUNCTION = YES;
				GCC_WARN_UNUSED_VARIABLE = YES;
				INFOPLIST_KEY_WKRunsIndependentlyOfCompanionApp = NO;
				IPHONEOS_DEPLOYMENT_TARGET = 16.0;
				MTL_ENABLE_DEBUG_INFO = NO;
				MTL_FAST_MATH = YES;
				SDKROOT = iphoneos;
				SWIFT_COMPILATION_MODE = wholemodule;
				SWIFT_OPTIMIZATION_LEVEL = "-O";
				VALIDATE_PRODUCT = YES;
			};
			name = Release;
		};
		74B555BE291DB89F001F76F8 /* Debug */ = {
			isa = XCBuildConfiguration;
			buildSettings = {
				ASSETCATALOG_COMPILER_APPICON_NAME = AppIcon;
				ASSETCATALOG_COMPILER_GLOBAL_ACCENT_COLOR_NAME = AccentColor;
				CODE_SIGN_ENTITLEMENTS = Shazamy/Shazamy.entitlements;
				CODE_SIGN_IDENTITY = "Apple Development";
				CODE_SIGN_STYLE = Automatic;
				CURRENT_PROJECT_VERSION = 1;
				DEVELOPMENT_ASSET_PATHS = "\"Shazamy/Preview Content\"";
				DEVELOPMENT_TEAM = BFZYMS7L7S;
				ENABLE_PREVIEWS = YES;
				FRAMEWORK_SEARCH_PATHS = (
					"$(inherited)",
					"$(PROJECT_DIR)/Shazamy",
				);
				GENERATE_INFOPLIST_FILE = YES;
				INFOPLIST_FILE = Shazamy/Info.plist;
				INFOPLIST_KEY_NSMicrophoneUsageDescription = "ShazamKit Requires Access To Microphone";
				INFOPLIST_KEY_UIApplicationSceneManifest_Generation = YES;
				INFOPLIST_KEY_UIApplicationSupportsIndirectInputEvents = YES;
				INFOPLIST_KEY_UILaunchScreen_Generation = YES;
				INFOPLIST_KEY_UISupportedInterfaceOrientations_iPad = "UIInterfaceOrientationPortrait UIInterfaceOrientationPortraitUpsideDown UIInterfaceOrientationLandscapeLeft UIInterfaceOrientationLandscapeRight";
				INFOPLIST_KEY_UISupportedInterfaceOrientations_iPhone = "UIInterfaceOrientationPortrait UIInterfaceOrientationLandscapeLeft UIInterfaceOrientationLandscapeRight";
				LD_RUNPATH_SEARCH_PATHS = (
					"$(inherited)",
					"@executable_path/Frameworks",
				);
				MARKETING_VERSION = 1.0;
				PRODUCT_BUNDLE_IDENTIFIER = "com.iosapprenticeship-f22.shazamify";
				PRODUCT_NAME = "$(TARGET_NAME)";
				PROVISIONING_PROFILE_SPECIFIER = "";
				SWIFT_EMIT_LOC_STRINGS = YES;
				SWIFT_VERSION = 5.0;
				TARGETED_DEVICE_FAMILY = "1,2";
			};
			name = Debug;
		};
		74B555BF291DB89F001F76F8 /* Release */ = {
			isa = XCBuildConfiguration;
			buildSettings = {
				ASSETCATALOG_COMPILER_APPICON_NAME = AppIcon;
				ASSETCATALOG_COMPILER_GLOBAL_ACCENT_COLOR_NAME = AccentColor;
				CODE_SIGN_ENTITLEMENTS = Shazamy/Shazamy.entitlements;
				CODE_SIGN_IDENTITY = "Apple Development";
				CODE_SIGN_STYLE = Automatic;
				CURRENT_PROJECT_VERSION = 1;
				DEVELOPMENT_ASSET_PATHS = "\"Shazamy/Preview Content\"";
				DEVELOPMENT_TEAM = BFZYMS7L7S;
				ENABLE_PREVIEWS = YES;
				FRAMEWORK_SEARCH_PATHS = (
					"$(inherited)",
					"$(PROJECT_DIR)/Shazamy",
				);
				GENERATE_INFOPLIST_FILE = YES;
				INFOPLIST_FILE = Shazamy/Info.plist;
				INFOPLIST_KEY_NSMicrophoneUsageDescription = "ShazamKit Requires Access To Microphone";
				INFOPLIST_KEY_UIApplicationSceneManifest_Generation = YES;
				INFOPLIST_KEY_UIApplicationSupportsIndirectInputEvents = YES;
				INFOPLIST_KEY_UILaunchScreen_Generation = YES;
				INFOPLIST_KEY_UISupportedInterfaceOrientations_iPad = "UIInterfaceOrientationPortrait UIInterfaceOrientationPortraitUpsideDown UIInterfaceOrientationLandscapeLeft UIInterfaceOrientationLandscapeRight";
				INFOPLIST_KEY_UISupportedInterfaceOrientations_iPhone = "UIInterfaceOrientationPortrait UIInterfaceOrientationLandscapeLeft UIInterfaceOrientationLandscapeRight";
				LD_RUNPATH_SEARCH_PATHS = (
					"$(inherited)",
					"@executable_path/Frameworks",
				);
				MARKETING_VERSION = 1.0;
				PRODUCT_BUNDLE_IDENTIFIER = "com.iosapprenticeship-f22.shazamify";
				PRODUCT_NAME = "$(TARGET_NAME)";
				PROVISIONING_PROFILE_SPECIFIER = "";
				SWIFT_EMIT_LOC_STRINGS = YES;
				SWIFT_VERSION = 5.0;
				TARGETED_DEVICE_FAMILY = "1,2";
			};
			name = Release;
		};
/* End XCBuildConfiguration section */

/* Begin XCConfigurationList section */
		74B555AA291DB89E001F76F8 /* Build configuration list for PBXProject "Shazamy" */ = {
			isa = XCConfigurationList;
			buildConfigurations = (
				74B555BB291DB89F001F76F8 /* Debug */,
				74B555BC291DB89F001F76F8 /* Release */,
			);
			defaultConfigurationIsVisible = 0;
			defaultConfigurationName = Release;
		};
		74B555BD291DB89F001F76F8 /* Build configuration list for PBXNativeTarget "Shazamy" */ = {
			isa = XCConfigurationList;
			buildConfigurations = (
				74B555BE291DB89F001F76F8 /* Debug */,
				74B555BF291DB89F001F76F8 /* Release */,
			);
			defaultConfigurationIsVisible = 0;
			defaultConfigurationName = Release;
		};
/* End XCConfigurationList section */
	};
	rootObject = 74B555A7291DB89E001F76F8 /* Project object */;
}
